github.com/icza/mpq v0.0.0-20170726141842-266342679beb/go.mod h1:iWOw+dZSITjPKFPiCNT7QE+xENOlT/YrBtMYkImipFo=
github.com/icza/mpq v0.0.0-20230330132843-d3cdc0b651b7 h1:uWfnpztXMlK2068Uuv23eGsFsQpORS0UxYosbhPCMsI=
github.com/icza/mpq v0.0.0-20230330132843-d3cdc0b651b7/go.mod h1:uZjJdSdZs2x2Gq+6/NdJE7nJ1upyftiNnw1ZMCFH+tc=
github.com/icza/s2prot v1.5.2-0.20240331065411-f5e7593a4152 h1:J41BDi/2J8R42l00/yDcxfxTAD4QxkZeCiuN1dW7J+0=
github.com/icza/s2prot v1.5.2-0.20240331065411-f5e7593a4152/go.mod h1:Aw3BgGOZ83Qkxmz90i22WFCMiDU4oOFT5D3hoDLBl3E=
golang.org/x/text v0.0.0-20170915032832-14c0d48ead0c h1:qgOY6WgZOaTkIIMiVjBQcw93ERBE4m30iBm00nkL0i8=
golang.org/x/text v0.0.0-20170915032832-14c0d48ead0c/go.mod h1:NqM8EUOU14njkJ3fqMW+pc6Ldnwhi/IjpwHt7yyuwOQ=
rsc.io/quote/v4 v4.0.1 h1:i/LHLEinr65wwTCqlP4OnMoMWeCgnFIZFvifdXNK+5M=
rsc.io/quote/v4 v4.0.1/go.mod h1:w/DafQky66grMesu3uPhdDMS3knhBippwwemZtMOyCI=
rsc.io/sampler v1.3.0 h1:7uVkIFmeBqHfdjD+gZwtXXI+RODJ2Wc4O7MPEh/QiW4=
rsc.io/sampler v1.3.0/go.mod h1:T1hPZKmBbMNahiBKFy5HrXp6adAjACjK9JXDnKaTXpA=
